// !$*UTF8*$!
{
	archiveVersion = 1;
	classes = {
	};
	objectVersion = 55;
	objects = {

/* Begin PBXBuildFile section */
		D1F43D7F2842B7AC00BEAAA7 /* AppDelegate.swift in Sources */ = {isa = PBXBuildFile; fileRef = D1F43D7E2842B7AC00BEAAA7 /* AppDelegate.swift */; };
		D1F43D812842B7AC00BEAAA7 /* SceneDelegate.swift in Sources */ = {isa = PBXBuildFile; fileRef = D1F43D802842B7AC00BEAAA7 /* SceneDelegate.swift */; };
		D1F43D832842B7AC00BEAAA7 /* ViewController.swift in Sources */ = {isa = PBXBuildFile; fileRef = D1F43D822842B7AC00BEAAA7 /* ViewController.swift */; };
		D1F43D862842B7AC00BEAAA7 /* Main.storyboard in Resources */ = {isa = PBXBuildFile; fileRef = D1F43D842842B7AC00BEAAA7 /* Main.storyboard */; };
		D1F43D892842B7AC00BEAAA7 /* LoginAutoExample.xcdatamodeld in Sources */ = {isa = PBXBuildFile; fileRef = D1F43D872842B7AC00BEAAA7 /* LoginAutoExample.xcdatamodeld */; };
		D1F43D8B2842B7AD00BEAAA7 /* Assets.xcassets in Resources */ = {isa = PBXBuildFile; fileRef = D1F43D8A2842B7AD00BEAAA7 /* Assets.xcassets */; };
		D1F43D8E2842B7AD00BEAAA7 /* LaunchScreen.storyboard in Resources */ = {isa = PBXBuildFile; fileRef = D1F43D8C2842B7AD00BEAAA7 /* LaunchScreen.storyboard */; };
		D1F43D992842B7AD00BEAAA7 /* LoginAutoExampleTests.swift in Sources */ = {isa = PBXBuildFile; fileRef = D1F43D982842B7AD00BEAAA7 /* LoginAutoExampleTests.swift */; };
		D1F43DA32842B7AD00BEAAA7 /* LoginAutoExampleUITests.swift in Sources */ = {isa = PBXBuildFile; fileRef = D1F43DA22842B7AD00BEAAA7 /* LoginAutoExampleUITests.swift */; };
		D1F43DA52842B7AD00BEAAA7 /* LoginAutoExampleUITestsLaunchTests.swift in Sources */ = {isa = PBXBuildFile; fileRef = D1F43DA42842B7AD00BEAAA7 /* LoginAutoExampleUITestsLaunchTests.swift */; };
		D1F43DB22842B9C200BEAAA7 /* ContentView.swift in Sources */ = {isa = PBXBuildFile; fileRef = D1F43DB12842B9C200BEAAA7 /* ContentView.swift */; };
		D1F43DB42842BA8A00BEAAA7 /* GoogleService-Info.plist in Resources */ = {isa = PBXBuildFile; fileRef = D1F43DB32842BA8A00BEAAA7 /* GoogleService-Info.plist */; };
		D1F43DB72842BB8700BEAAA7 /* FirebaseAnalytics in Frameworks */ = {isa = PBXBuildFile; productRef = D1F43DB62842BB8700BEAAA7 /* FirebaseAnalytics */; };
		D1F43DB92842BB8700BEAAA7 /* FirebaseAuth in Frameworks */ = {isa = PBXBuildFile; productRef = D1F43DB82842BB8700BEAAA7 /* FirebaseAuth */; };
		D1F43DBB2842BB8700BEAAA7 /* FirebaseFirestore in Frameworks */ = {isa = PBXBuildFile; productRef = D1F43DBA2842BB8700BEAAA7 /* FirebaseFirestore */; };
/* End PBXBuildFile section */

/* Begin PBXContainerItemProxy section */
		D1F43D952842B7AD00BEAAA7 /* PBXContainerItemProxy */ = {
			isa = PBXContainerItemProxy;
			containerPortal = D1F43D732842B7AC00BEAAA7 /* Project object */;
			proxyType = 1;
			remoteGlobalIDString = D1F43D7A2842B7AC00BEAAA7;
			remoteInfo = LoginAutoExample;
		};
		D1F43D9F2842B7AD00BEAAA7 /* PBXContainerItemProxy */ = {
			isa = PBXContainerItemProxy;
			containerPortal = D1F43D732842B7AC00BEAAA7 /* Project object */;
			proxyType = 1;
			remoteGlobalIDString = D1F43D7A2842B7AC00BEAAA7;
			remoteInfo = LoginAutoExample;
		};
/* End PBXContainerItemProxy section */

/* Begin PBXFileReference section */
		D1F43D7B2842B7AC00BEAAA7 /* LoginAutoExample.app */ = {isa = PBXFileReference; explicitFileType = wrapper.application; includeInIndex = 0; path = LoginAutoExample.app; sourceTree = BUILT_PRODUCTS_DIR; };
		D1F43D7E2842B7AC00BEAAA7 /* AppDelegate.swift */ = {isa = PBXFileReference; lastKnownFileType = sourcecode.swift; path = AppDelegate.swift; sourceTree = "<group>"; };
		D1F43D802842B7AC00BEAAA7 /* SceneDelegate.swift */ = {isa = PBXFileReference; lastKnownFileType = sourcecode.swift; path = SceneDelegate.swift; sourceTree = "<group>"; };
		D1F43D822842B7AC00BEAAA7 /* ViewController.swift */ = {isa = PBXFileReference; lastKnownFileType = sourcecode.swift; path = ViewController.swift; sourceTree = "<group>"; };
		D1F43D852842B7AC00BEAAA7 /* Base */ = {isa = PBXFileReference; lastKnownFileType = file.storyboard; name = Base; path = Base.lproj/Main.storyboard; sourceTree = "<group>"; };
		D1F43D882842B7AC00BEAAA7 /* LoginAutoExample.xcdatamodel */ = {isa = PBXFileReference; lastKnownFileType = wrapper.xcdatamodel; path = LoginAutoExample.xcdatamodel; sourceTree = "<group>"; };
		D1F43D8A2842B7AD00BEAAA7 /* Assets.xcassets */ = {isa = PBXFileReference; lastKnownFileType = folder.assetcatalog; path = Assets.xcassets; sourceTree = "<group>"; };
		D1F43D8D2842B7AD00BEAAA7 /* Base */ = {isa = PBXFileReference; lastKnownFileType = file.storyboard; name = Base; path = Base.lproj/LaunchScreen.storyboard; sourceTree = "<group>"; };
		D1F43D8F2842B7AD00BEAAA7 /* Info.plist */ = {isa = PBXFileReference; lastKnownFileType = text.plist.xml; path = Info.plist; sourceTree = "<group>"; };
		D1F43D942842B7AD00BEAAA7 /* LoginAutoExampleTests.xctest */ = {isa = PBXFileReference; explicitFileType = wrapper.cfbundle; includeInIndex = 0; path = LoginAutoExampleTests.xctest; sourceTree = BUILT_PRODUCTS_DIR; };
		D1F43D982842B7AD00BEAAA7 /* LoginAutoExampleTests.swift */ = {isa = PBXFileReference; lastKnownFileType = sourcecode.swift; path = LoginAutoExampleTests.swift; sourceTree = "<group>"; };
		D1F43D9E2842B7AD00BEAAA7 /* LoginAutoExampleUITests.xctest */ = {isa = PBXFileReference; explicitFileType = wrapper.cfbundle; includeInIndex = 0; path = LoginAutoExampleUITests.xctest; sourceTree = BUILT_PRODUCTS_DIR; };
		D1F43DA22842B7AD00BEAAA7 /* LoginAutoExampleUITests.swift */ = {isa = PBXFileReference; lastKnownFileType = sourcecode.swift; path = LoginAutoExampleUITests.swift; sourceTree = "<group>"; };
		D1F43DA42842B7AD00BEAAA7 /* LoginAutoExampleUITestsLaunchTests.swift */ = {isa = PBXFileReference; lastKnownFileType = sourcecode.swift; path = LoginAutoExampleUITestsLaunchTests.swift; sourceTree = "<group>"; };
		D1F43DB12842B9C200BEAAA7 /* ContentView.swift */ = {isa = PBXFileReference; lastKnownFileType = sourcecode.swift; path = ContentView.swift; sourceTree = "<group>"; };
		D1F43DB32842BA8A00BEAAA7 /* GoogleService-Info.plist */ = {isa = PBXFileReference; fileEncoding = 4; lastKnownFileType = text.plist.xml; path = "GoogleService-Info.plist"; sourceTree = "<group>"; };
/* End PBXFileReference section */

/* Begin PBXFrameworksBuildPhase section */
		D1F43D782842B7AC00BEAAA7 /* Frameworks */ = {
			isa = PBXFrameworksBuildPhase;
			buildActionMask = 2147483647;
			files = (
				D1F43DB72842BB8700BEAAA7 /* FirebaseAnalytics in Frameworks */,
				D1F43DB92842BB8700BEAAA7 /* FirebaseAuth in Frameworks */,
				D1F43DBB2842BB8700BEAAA7 /* FirebaseFirestore in Frameworks */,
			);
			runOnlyForDeploymentPostprocessing = 0;
		};
		D1F43D912842B7AD00BEAAA7 /* Frameworks */ = {
			isa = PBXFrameworksBuildPhase;
			buildActionMask = 2147483647;
			files = (
			);
			runOnlyForDeploymentPostprocessing = 0;
		};
		D1F43D9B2842B7AD00BEAAA7 /* Frameworks */ = {
			isa = PBXFrameworksBuildPhase;
			buildActionMask = 2147483647;
			files = (
			);
			runOnlyForDeploymentPostprocessing = 0;
		};
/* End PBXFrameworksBuildPhase section */

/* Begin PBXGroup section */
		D1F43D722842B7AC00BEAAA7 = {
			isa = PBXGroup;
			children = (
				D1F43D7D2842B7AC00BEAAA7 /* LoginAutoExample */,
				D1F43D972842B7AD00BEAAA7 /* LoginAutoExampleTests */,
				D1F43DA12842B7AD00BEAAA7 /* LoginAutoExampleUITests */,
				D1F43D7C2842B7AC00BEAAA7 /* Products */,
			);
			sourceTree = "<group>";
		};
		D1F43D7C2842B7AC00BEAAA7 /* Products */ = {
			isa = PBXGroup;
			children = (
				D1F43D7B2842B7AC00BEAAA7 /* LoginAutoExample.app */,
				D1F43D942842B7AD00BEAAA7 /* LoginAutoExampleTests.xctest */,
				D1F43D9E2842B7AD00BEAAA7 /* LoginAutoExampleUITests.xctest */,
			);
			name = Products;
			sourceTree = "<group>";
		};
		D1F43D7D2842B7AC00BEAAA7 /* LoginAutoExample */ = {
			isa = PBXGroup;
			children = (
				D1F43DB32842BA8A00BEAAA7 /* GoogleService-Info.plist */,
				D1F43D7E2842B7AC00BEAAA7 /* AppDelegate.swift */,
				D1F43D802842B7AC00BEAAA7 /* SceneDelegate.swift */,
				D1F43D822842B7AC00BEAAA7 /* ViewController.swift */,
				D1F43D842842B7AC00BEAAA7 /* Main.storyboard */,
				D1F43D8A2842B7AD00BEAAA7 /* Assets.xcassets */,
				D1F43D8C2842B7AD00BEAAA7 /* LaunchScreen.storyboard */,
				D1F43D8F2842B7AD00BEAAA7 /* Info.plist */,
				D1F43D872842B7AC00BEAAA7 /* LoginAutoExample.xcdatamodeld */,
				D1F43DB12842B9C200BEAAA7 /* ContentView.swift */,
			);
			path = LoginAutoExample;
			sourceTree = "<group>";
		};
		D1F43D972842B7AD00BEAAA7 /* LoginAutoExampleTests */ = {
			isa = PBXGroup;
			children = (
				D1F43D982842B7AD00BEAAA7 /* LoginAutoExampleTests.swift */,
			);
			path = LoginAutoExampleTests;
			sourceTree = "<group>";
		};
		D1F43DA12842B7AD00BEAAA7 /* LoginAutoExampleUITests */ = {
			isa = PBXGroup;
			children = (
				D1F43DA22842B7AD00BEAAA7 /* LoginAutoExampleUITests.swift */,
				D1F43DA42842B7AD00BEAAA7 /* LoginAutoExampleUITestsLaunchTests.swift */,
			);
			path = LoginAutoExampleUITests;
			sourceTree = "<group>";
		};
/* End PBXGroup section */

/* Begin PBXNativeTarget section */
		D1F43D7A2842B7AC00BEAAA7 /* LoginAutoExample */ = {
			isa = PBXNativeTarget;
			buildConfigurationList = D1F43DA82842B7AD00BEAAA7 /* Build configuration list for PBXNativeTarget "LoginAutoExample" */;
			buildPhases = (
				D1F43D772842B7AC00BEAAA7 /* Sources */,
				D1F43D782842B7AC00BEAAA7 /* Frameworks */,
				D1F43D792842B7AC00BEAAA7 /* Resources */,
			);
			buildRules = (
			);
			dependencies = (
			);
			name = LoginAutoExample;
			packageProductDependencies = (
				D1F43DB62842BB8700BEAAA7 /* FirebaseAnalytics */,
				D1F43DB82842BB8700BEAAA7 /* FirebaseAuth */,
				D1F43DBA2842BB8700BEAAA7 /* FirebaseFirestore */,
			);
			productName = LoginAutoExample;
			productReference = D1F43D7B2842B7AC00BEAAA7 /* LoginAutoExample.app */;
			productType = "com.apple.product-type.application";
		};
		D1F43D932842B7AD00BEAAA7 /* LoginAutoExampleTests */ = {
			isa = PBXNativeTarget;
			buildConfigurationList = D1F43DAB2842B7AD00BEAAA7 /* Build configuration list for PBXNativeTarget "LoginAutoExampleTests" */;
			buildPhases = (
				D1F43D902842B7AD00BEAAA7 /* Sources */,
				D1F43D912842B7AD00BEAAA7 /* Frameworks */,
				D1F43D922842B7AD00BEAAA7 /* Resources */,
			);
			buildRules = (
			);
			dependencies = (
				D1F43D962842B7AD00BEAAA7 /* PBXTargetDependency */,
			);
			name = LoginAutoExampleTests;
			productName = LoginAutoExampleTests;
			productReference = D1F43D942842B7AD00BEAAA7 /* LoginAutoExampleTests.xctest */;
			productType = "com.apple.product-type.bundle.unit-test";
		};
		D1F43D9D2842B7AD00BEAAA7 /* LoginAutoExampleUITests */ = {
			isa = PBXNativeTarget;
			buildConfigurationList = D1F43DAE2842B7AD00BEAAA7 /* Build configuration list for PBXNativeTarget "LoginAutoExampleUITests" */;
			buildPhases = (
				D1F43D9A2842B7AD00BEAAA7 /* Sources */,
				D1F43D9B2842B7AD00BEAAA7 /* Frameworks */,
				D1F43D9C2842B7AD00BEAAA7 /* Resources */,
			);
			buildRules = (
			);
			dependencies = (
				D1F43DA02842B7AD00BEAAA7 /* PBXTargetDependency */,
			);
			name = LoginAutoExampleUITests;
			productName = LoginAutoExampleUITests;
			productReference = D1F43D9E2842B7AD00BEAAA7 /* LoginAutoExampleUITests.xctest */;
			productType = "com.apple.product-type.bundle.ui-testing";
		};
/* End PBXNativeTarget section */

/* Begin PBXProject section */
		D1F43D732842B7AC00BEAAA7 /* Project object */ = {
			isa = PBXProject;
			attributes = {
				BuildIndependentTargetsInParallel = 1;
				LastSwiftUpdateCheck = 1340;
				LastUpgradeCheck = 1340;
				TargetAttributes = {
					D1F43D7A2842B7AC00BEAAA7 = {
						CreatedOnToolsVersion = 13.4;
					};
					D1F43D932842B7AD00BEAAA7 = {
						CreatedOnToolsVersion = 13.4;
						TestTargetID = D1F43D7A2842B7AC00BEAAA7;
					};
					D1F43D9D2842B7AD00BEAAA7 = {
						CreatedOnToolsVersion = 13.4;
						TestTargetID = D1F43D7A2842B7AC00BEAAA7;
					};
				};
			};
			buildConfigurationList = D1F43D762842B7AC00BEAAA7 /* Build configuration list for PBXProject "LoginAutoExample" */;
			compatibilityVersion = "Xcode 13.0";
			developmentRegion = en;
			hasScannedForEncodings = 0;
			knownRegions = (
				en,
				Base,
			);
			mainGroup = D1F43D722842B7AC00BEAAA7;
			packageReferences = (
				D1F43DB52842BB8700BEAAA7 /* XCRemoteSwiftPackageReference "firebase-ios-sdk" */,
			);
			productRefGroup = D1F43D7C2842B7AC00BEAAA7 /* Products */;
			projectDirPath = "";
			projectRoot = "";
			targets = (
				D1F43D7A2842B7AC00BEAAA7 /* LoginAutoExample */,
				D1F43D932842B7AD00BEAAA7 /* LoginAutoExampleTests */,
				D1F43D9D2842B7AD00BEAAA7 /* LoginAutoExampleUITests */,
			);
		};
/* End PBXProject section */

/* Begin PBXResourcesBuildPhase section */
		D1F43D792842B7AC00BEAAA7 /* Resources */ = {
			isa = PBXResourcesBuildPhase;
			buildActionMask = 2147483647;
			files = (
				D1F43D8E2842B7AD00BEAAA7 /* LaunchScreen.storyboard in Resources */,
				D1F43D8B2842B7AD00BEAAA7 /* Assets.xcassets in Resources */,
				D1F43DB42842BA8A00BEAAA7 /* GoogleService-Info.plist in Resources */,
				D1F43D862842B7AC00BEAAA7 /* Main.storyboard in Resources */,
			);
			runOnlyForDeploymentPostprocessing = 0;
		};
		D1F43D922842B7AD00BEAAA7 /* Resources */ = {
			isa = PBXResourcesBuildPhase;
			buildActionMask = 2147483647;
			files = (
			);
			runOnlyForDeploymentPostprocessing = 0;
		};
		D1F43D9C2842B7AD00BEAAA7 /* Resources */ = {
			isa = PBXResourcesBuildPhase;
			buildActionMask = 2147483647;
			files = (
			);
			runOnlyForDeploymentPostprocessing = 0;
		};
/* End PBXResourcesBuildPhase section */

/* Begin PBXSourcesBuildPhase section */
		D1F43D772842B7AC00BEAAA7 /* Sources */ = {
			isa = PBXSourcesBuildPhase;
			buildActionMask = 2147483647;
			files = (
				D1F43D832842B7AC00BEAAA7 /* ViewController.swift in Sources */,
				D1F43DB22842B9C200BEAAA7 /* ContentView.swift in Sources */,
				D1F43D7F2842B7AC00BEAAA7 /* AppDelegate.swift in Sources */,
				D1F43D812842B7AC00BEAAA7 /* SceneDelegate.swift in Sources */,
				D1F43D892842B7AC00BEAAA7 /* LoginAutoExample.xcdatamodeld in Sources */,
			);
			runOnlyForDeploymentPostprocessing = 0;
		};
		D1F43D902842B7AD00BEAAA7 /* Sources */ = {
			isa = PBXSourcesBuildPhase;
			buildActionMask = 2147483647;
			files = (
				D1F43D992842B7AD00BEAAA7 /* LoginAutoExampleTests.swift in Sources */,
			);
			runOnlyForDeploymentPostprocessing = 0;
		};
		D1F43D9A2842B7AD00BEAAA7 /* Sources */ = {
			isa = PBXSourcesBuildPhase;
			buildActionMask = 2147483647;
			files = (
				D1F43DA52842B7AD00BEAAA7 /* LoginAutoExampleUITestsLaunchTests.swift in Sources */,
				D1F43DA32842B7AD00BEAAA7 /* LoginAutoExampleUITests.swift in Sources */,
			);
			runOnlyForDeploymentPostprocessing = 0;
		};
/* End PBXSourcesBuildPhase section */

/* Begin PBXTargetDependency section */
		D1F43D962842B7AD00BEAAA7 /* PBXTargetDependency */ = {
			isa = PBXTargetDependency;
			target = D1F43D7A2842B7AC00BEAAA7 /* LoginAutoExample */;
			targetProxy = D1F43D952842B7AD00BEAAA7 /* PBXContainerItemProxy */;
		};
		D1F43DA02842B7AD00BEAAA7 /* PBXTargetDependency */ = {
			isa = PBXTargetDependency;
			target = D1F43D7A2842B7AC00BEAAA7 /* LoginAutoExample */;
			targetProxy = D1F43D9F2842B7AD00BEAAA7 /* PBXContainerItemProxy */;
		};
/* End PBXTargetDependency section */

/* Begin PBXVariantGroup section */
		D1F43D842842B7AC00BEAAA7 /* Main.storyboard */ = {
			isa = PBXVariantGroup;
			children = (
				D1F43D852842B7AC00BEAAA7 /* Base */,
			);
			name = Main.storyboard;
			sourceTree = "<group>";
		};
		D1F43D8C2842B7AD00BEAAA7 /* LaunchScreen.storyboard */ = {
			isa = PBXVariantGroup;
			children = (
				D1F43D8D2842B7AD00BEAAA7 /* Base */,
			);
			name = LaunchScreen.storyboard;
			sourceTree = "<group>";
		};
/* End PBXVariantGroup section */

/* Begin XCBuildConfiguration section */
		D1F43DA62842B7AD00BEAAA7 /* Debug */ = {
			isa = XCBuildConfiguration;
			buildSettings = {
				ALWAYS_SEARCH_USER_PATHS = NO;
				CLANG_ANALYZER_NONNULL = YES;
				CLANG_ANALYZER_NUMBER_OBJECT_CONVERSION = YES_AGGRESSIVE;
				CLANG_CXX_LANGUAGE_STANDARD = "gnu++17";
				CLANG_ENABLE_MODULES = YES;
				CLANG_ENABLE_OBJC_ARC = YES;
				CLANG_ENABLE_OBJC_WEAK = YES;
				CLANG_WARN_BLOCK_CAPTURE_AUTORELEASING = YES;
				CLANG_WARN_BOOL_CONVERSION = YES;
				CLANG_WARN_COMMA = YES;
				CLANG_WARN_CONSTANT_CONVERSION = YES;
				CLANG_WARN_DEPRECATED_OBJC_IMPLEMENTATIONS = YES;
				CLANG_WARN_DIRECT_OBJC_ISA_USAGE = YES_ERROR;
				CLANG_WARN_DOCUMENTATION_COMMENTS = YES;
				CLANG_WARN_EMPTY_BODY = YES;
				CLANG_WARN_ENUM_CONVERSION = YES;
				CLANG_WARN_INFINITE_RECURSION = YES;
				CLANG_WARN_INT_CONVERSION = YES;
				CLANG_WARN_NON_LITERAL_NULL_CONVERSION = YES;
				CLANG_WARN_OBJC_IMPLICIT_RETAIN_SELF = YES;
				CLANG_WARN_OBJC_LITERAL_CONVERSION = YES;
				CLANG_WARN_OBJC_ROOT_CLASS = YES_ERROR;
				CLANG_WARN_QUOTED_INCLUDE_IN_FRAMEWORK_HEADER = YES;
				CLANG_WARN_RANGE_LOOP_ANALYSIS = YES;
				CLANG_WARN_STRICT_PROTOTYPES = YES;
				CLANG_WARN_SUSPICIOUS_MOVE = YES;
				CLANG_WARN_UNGUARDED_AVAILABILITY = YES_AGGRESSIVE;
				CLANG_WARN_UNREACHABLE_CODE = YES;
				CLANG_WARN__DUPLICATE_METHOD_MATCH = YES;
				COPY_PHASE_STRIP = NO;
				DEBUG_INFORMATION_FORMAT = dwarf;
				ENABLE_STRICT_OBJC_MSGSEND = YES;
				ENABLE_TESTABILITY = YES;
				GCC_C_LANGUAGE_STANDARD = gnu11;
				GCC_DYNAMIC_NO_PIC = NO;
				GCC_NO_COMMON_BLOCKS = YES;
				GCC_OPTIMIZATION_LEVEL = 0;
				GCC_PREPROCESSOR_DEFINITIONS = (
					"DEBUG=1",
					"$(inherited)",
				);
				GCC_WARN_64_TO_32_BIT_CONVERSION = YES;
				GCC_WARN_ABOUT_RETURN_TYPE = YES_ERROR;
				GCC_WARN_UNDECLARED_SELECTOR = YES;
				GCC_WARN_UNINITIALIZED_AUTOS = YES_AGGRESSIVE;
				GCC_WARN_UNUSED_FUNCTION = YES;
				GCC_WARN_UNUSED_VARIABLE = YES;
				IPHONEOS_DEPLOYMENT_TARGET = 15.5;
				MTL_ENABLE_DEBUG_INFO = INCLUDE_SOURCE;
				MTL_FAST_MATH = YES;
				ONLY_ACTIVE_ARCH = YES;
				SDKROOT = iphoneos;
				SWIFT_ACTIVE_COMPILATION_CONDITIONS = DEBUG;
				SWIFT_OPTIMIZATION_LEVEL = "-Onone";
			};
			name = Debug;
		};
		D1F43DA72842B7AD00BEAAA7 /* Release */ = {
			isa = XCBuildConfiguration;
			buildSettings = {
				ALWAYS_SEARCH_USER_PATHS = NO;
				CLANG_ANALYZER_NONNULL = YES;
				CLANG_ANALYZER_NUMBER_OBJECT_CONVERSION = YES_AGGRESSIVE;
				CLANG_CXX_LANGUAGE_STANDARD = "gnu++17";
				CLANG_ENABLE_MODULES = YES;
				CLANG_ENABLE_OBJC_ARC = YES;
				CLANG_ENABLE_OBJC_WEAK = YES;
				CLANG_WARN_BLOCK_CAPTURE_AUTORELEASING = YES;
				CLANG_WARN_BOOL_CONVERSION = YES;
				CLANG_WARN_COMMA = YES;
				CLANG_WARN_CONSTANT_CONVERSION = YES;
				CLANG_WARN_DEPRECATED_OBJC_IMPLEMENTATIONS = YES;
				CLANG_WARN_DIRECT_OBJC_ISA_USAGE = YES_ERROR;
				CLANG_WARN_DOCUMENTATION_COMMENTS = YES;
				CLANG_WARN_EMPTY_BODY = YES;
				CLANG_WARN_ENUM_CONVERSION = YES;
				CLANG_WARN_INFINITE_RECURSION = YES;
				CLANG_WARN_INT_CONVERSION = YES;
				CLANG_WARN_NON_LITERAL_NULL_CONVERSION = YES;
				CLANG_WARN_OBJC_IMPLICIT_RETAIN_SELF = YES;
				CLANG_WARN_OBJC_LITERAL_CONVERSION = YES;
				CLANG_WARN_OBJC_ROOT_CLASS = YES_ERROR;
				CLANG_WARN_QUOTED_INCLUDE_IN_FRAMEWORK_HEADER = YES;
				CLANG_WARN_RANGE_LOOP_ANALYSIS = YES;
				CLANG_WARN_STRICT_PROTOTYPES = YES;
				CLANG_WARN_SUSPICIOUS_MOVE = YES;
				CLANG_WARN_UNGUARDED_AVAILABILITY = YES_AGGRESSIVE;
				CLANG_WARN_UNREACHABLE_CODE = YES;
				CLANG_WARN__DUPLICATE_METHOD_MATCH = YES;
				COPY_PHASE_STRIP = NO;
				DEBUG_INFORMATION_FORMAT = "dwarf-with-dsym";
				ENABLE_NS_ASSERTIONS = NO;
				ENABLE_STRICT_OBJC_MSGSEND = YES;
				GCC_C_LANGUAGE_STANDARD = gnu11;
				GCC_NO_COMMON_BLOCKS = YES;
				GCC_WARN_64_TO_32_BIT_CONVERSION = YES;
				GCC_WARN_ABOUT_RETURN_TYPE = YES_ERROR;
				GCC_WARN_UNDECLARED_SELECTOR = YES;
				GCC_WARN_UNINITIALIZED_AUTOS = YES_AGGRESSIVE;
				GCC_WARN_UNUSED_FUNCTION = YES;
				GCC_WARN_UNUSED_VARIABLE = YES;
				IPHONEOS_DEPLOYMENT_TARGET = 15.5;
				MTL_ENABLE_DEBUG_INFO = NO;
				MTL_FAST_MATH = YES;
				SDKROOT = iphoneos;
				SWIFT_COMPILATION_MODE = wholemodule;
				SWIFT_OPTIMIZATION_LEVEL = "-O";
				VALIDATE_PRODUCT = YES;
			};
			name = Release;
		};
		D1F43DA92842B7AD00BEAAA7 /* Debug */ = {
			isa = XCBuildConfiguration;
			buildSettings = {
				ASSETCATALOG_COMPILER_APPICON_NAME = AppIcon;
				ASSETCATALOG_COMPILER_GLOBAL_ACCENT_COLOR_NAME = AccentColor;
				CODE_SIGN_STYLE = Automatic;
				CURRENT_PROJECT_VERSION = 1;
				GENERATE_INFOPLIST_FILE = YES;
				INFOPLIST_FILE = LoginAutoExample/Info.plist;
				INFOPLIST_KEY_UIApplicationSupportsIndirectInputEvents = YES;
				INFOPLIST_KEY_UILaunchStoryboardName = LaunchScreen;
				INFOPLIST_KEY_UIMainStoryboardFile = Main;
				INFOPLIST_KEY_UISupportedInterfaceOrientations_iPad = "UIInterfaceOrientationPortrait UIInterfaceOrientationPortraitUpsideDown UIInterfaceOrientationLandscapeLeft UIInterfaceOrientationLandscapeRight";
				INFOPLIST_KEY_UISupportedInterfaceOrientations_iPhone = "UIInterfaceOrientationPortrait UIInterfaceOrientationLandscapeLeft UIInterfaceOrientationLandscapeRight";
				LD_RUNPATH_SEARCH_PATHS = (
					"$(inherited)",
					"@executable_path/Frameworks",
				);
				MARKETING_VERSION = 1.0;
				PRODUCT_BUNDLE_IDENTIFIER = com.vladtershch.LoginAutoExample;
				PRODUCT_NAME = "$(TARGET_NAME)";
				SWIFT_EMIT_LOC_STRINGS = YES;
				SWIFT_VERSION = 5.0;
				TARGETED_DEVICE_FAMILY = "1,2";
			};
			name = Debug;
		};
		D1F43DAA2842B7AD00BEAAA7 /* Release */ = {
			isa = XCBuildConfiguration;
			buildSettings = {
				ASSETCATALOG_COMPILER_APPICON_NAME = AppIcon;
				ASSETCATALOG_COMPILER_GLOBAL_ACCENT_COLOR_NAME = AccentColor;
				CODE_SIGN_STYLE = Automatic;
				CURRENT_PROJECT_VERSION = 1;
				GENERATE_INFOPLIST_FILE = YES;
				INFOPLIST_FILE = LoginAutoExample/Info.plist;
				INFOPLIST_KEY_UIApplicationSupportsIndirectInputEvents = YES;
				INFOPLIST_KEY_UILaunchStoryboardName = LaunchScreen;
				INFOPLIST_KEY_UIMainStoryboardFile = Main;
				INFOPLIST_KEY_UISupportedInterfaceOrientations_iPad = "UIInterfaceOrientationPortrait UIInterfaceOrientationPortraitUpsideDown UIInterfaceOrientationLandscapeLeft UIInterfaceOrientationLandscapeRight";
				INFOPLIST_KEY_UISupportedInterfaceOrientations_iPhone = "UIInterfaceOrientationPortrait UIInterfaceOrientationLandscapeLeft UIInterfaceOrientationLandscapeRight";
				LD_RUNPATH_SEARCH_PATHS = (
					"$(inherited)",
					"@executable_path/Frameworks",
				);
				MARKETING_VERSION = 1.0;
				PRODUCT_BUNDLE_IDENTIFIER = com.vladtershch.LoginAutoExample;
				PRODUCT_NAME = "$(TARGET_NAME)";
				SWIFT_EMIT_LOC_STRINGS = YES;
				SWIFT_VERSION = 5.0;
				TARGETED_DEVICE_FAMILY = "1,2";
			};
			name = Release;
		};
		D1F43DAC2842B7AD00BEAAA7 /* Debug */ = {
			isa = XCBuildConfiguration;
			buildSettings = {
				ALWAYS_EMBED_SWIFT_STANDARD_LIBRARIES = YES;
				BUNDLE_LOADER = "$(TEST_HOST)";
				CODE_SIGN_STYLE = Automatic;
				CURRENT_PROJECT_VERSION = 1;
				GENERATE_INFOPLIST_FILE = YES;
				IPHONEOS_DEPLOYMENT_TARGET = 15.5;
				MARKETING_VERSION = 1.0;
				PRODUCT_BUNDLE_IDENTIFIER = com.vladtershch.LoginAutoExampleTests;
				PRODUCT_NAME = "$(TARGET_NAME)";
				SWIFT_EMIT_LOC_STRINGS = NO;
				SWIFT_VERSION = 5.0;
				TARGETED_DEVICE_FAMILY = "1,2";
				TEST_HOST = "$(BUILT_PRODUCTS_DIR)/LoginAutoExample.app/LoginAutoExample";
			};
			name = Debug;
		};
		D1F43DAD2842B7AD00BEAAA7 /* Release */ = {
			isa = XCBuildConfiguration;
			buildSettings = {
				ALWAYS_EMBED_SWIFT_STANDARD_LIBRARIES = YES;
				BUNDLE_LOADER = "$(TEST_HOST)";
				CODE_SIGN_STYLE = Automatic;
				CURRENT_PROJECT_VERSION = 1;
				GENERATE_INFOPLIST_FILE = YES;
				IPHONEOS_DEPLOYMENT_TARGET = 15.5;
				MARKETING_VERSION = 1.0;
				PRODUCT_BUNDLE_IDENTIFIER = com.vladtershch.LoginAutoExampleTests;
				PRODUCT_NAME = "$(TARGET_NAME)";
				SWIFT_EMIT_LOC_STRINGS = NO;
				SWIFT_VERSION = 5.0;
				TARGETED_DEVICE_FAMILY = "1,2";
				TEST_HOST = "$(BUILT_PRODUCTS_DIR)/LoginAutoExample.app/LoginAutoExample";
			};
			name = Release;
		};
		D1F43DAF2842B7AD00BEAAA7 /* Debug */ = {
			isa = XCBuildConfiguration;
			buildSettings = {
				ALWAYS_EMBED_SWIFT_STANDARD_LIBRARIES = YES;
				CODE_SIGN_STYLE = Automatic;
				CURRENT_PROJECT_VERSION = 1;
				GENERATE_INFOPLIST_FILE = YES;
				MARKETING_VERSION = 1.0;
				PRODUCT_BUNDLE_IDENTIFIER = com.vladtershch.LoginAutoExampleUITests;
				PRODUCT_NAME = "$(TARGET_NAME)";
				SWIFT_EMIT_LOC_STRINGS = NO;
				SWIFT_VERSION = 5.0;
				TARGETED_DEVICE_FAMILY = "1,2";
				TEST_TARGET_NAME = LoginAutoExample;
			};
			name = Debug;
		};
		D1F43DB02842B7AD00BEAAA7 /* Release */ = {
			isa = XCBuildConfiguration;
			buildSettings = {
				ALWAYS_EMBED_SWIFT_STANDARD_LIBRARIES = YES;
				CODE_SIGN_STYLE = Automatic;
				CURRENT_PROJECT_VERSION = 1;
				GENERATE_INFOPLIST_FILE = YES;
				MARKETING_VERSION = 1.0;
				PRODUCT_BUNDLE_IDENTIFIER = com.vladtershch.LoginAutoExampleUITests;
				PRODUCT_NAME = "$(TARGET_NAME)";
				SWIFT_EMIT_LOC_STRINGS = NO;
				SWIFT_VERSION = 5.0;
				TARGETED_DEVICE_FAMILY = "1,2";
				TEST_TARGET_NAME = LoginAutoExample;
			};
			name = Release;
		};
/* End XCBuildConfiguration section */

/* Begin XCConfigurationList section */
		D1F43D762842B7AC00BEAAA7 /* Build configuration list for PBXProject "LoginAutoExample" */ = {
			isa = XCConfigurationList;
			buildConfigurations = (
				D1F43DA62842B7AD00BEAAA7 /* Debug */,
				D1F43DA72842B7AD00BEAAA7 /* Release */,
			);
			defaultConfigurationIsVisible = 0;
			defaultConfigurationName = Release;
		};
		D1F43DA82842B7AD00BEAAA7 /* Build configuration list for PBXNativeTarget "LoginAutoExample" */ = {
			isa = XCConfigurationList;
			buildConfigurations = (
				D1F43DA92842B7AD00BEAAA7 /* Debug */,
				D1F43DAA2842B7AD00BEAAA7 /* Release */,
			);
			defaultConfigurationIsVisible = 0;
			defaultConfigurationName = Release;
		};
		D1F43DAB2842B7AD00BEAAA7 /* Build configuration list for PBXNativeTarget "LoginAutoExampleTests" */ = {
			isa = XCConfigurationList;
			buildConfigurations = (
				D1F43DAC2842B7AD00BEAAA7 /* Debug */,
				D1F43DAD2842B7AD00BEAAA7 /* Release */,
			);
			defaultConfigurationIsVisible = 0;
			defaultConfigurationName = Release;
		};
		D1F43DAE2842B7AD00BEAAA7 /* Build configuration list for PBXNativeTarget "LoginAutoExampleUITests" */ = {
			isa = XCConfigurationList;
			buildConfigurations = (
				D1F43DAF2842B7AD00BEAAA7 /* Debug */,
				D1F43DB02842B7AD00BEAAA7 /* Release */,
			);
			defaultConfigurationIsVisible = 0;
			defaultConfigurationName = Release;
		};
/* End XCConfigurationList section */

/* Begin XCRemoteSwiftPackageReference section */
		D1F43DB52842BB8700BEAAA7 /* XCRemoteSwiftPackageReference "firebase-ios-sdk" */ = {
			isa = XCRemoteSwiftPackageReference;
			repositoryURL = "https://github.com/firebase/firebase-ios-sdk";
			requirement = {
				kind = upToNextMajorVersion;
				minimumVersion = 9.0.0;
			};
		};
/* End XCRemoteSwiftPackageReference section */

/* Begin XCSwiftPackageProductDependency section */
		D1F43DB62842BB8700BEAAA7 /* FirebaseAnalytics */ = {
			isa = XCSwiftPackageProductDependency;
			package = D1F43DB52842BB8700BEAAA7 /* XCRemoteSwiftPackageReference "firebase-ios-sdk" */;
			productName = FirebaseAnalytics;
		};
		D1F43DB82842BB8700BEAAA7 /* FirebaseAuth */ = {
			isa = XCSwiftPackageProductDependency;
			package = D1F43DB52842BB8700BEAAA7 /* XCRemoteSwiftPackageReference "firebase-ios-sdk" */;
			productName = FirebaseAuth;
		};
		D1F43DBA2842BB8700BEAAA7 /* FirebaseFirestore */ = {
			isa = XCSwiftPackageProductDependency;
			package = D1F43DB52842BB8700BEAAA7 /* XCRemoteSwiftPackageReference "firebase-ios-sdk" */;
			productName = FirebaseFirestore;
		};
/* End XCSwiftPackageProductDependency section */

/* Begin XCVersionGroup section */
		D1F43D872842B7AC00BEAAA7 /* LoginAutoExample.xcdatamodeld */ = {
			isa = XCVersionGroup;
			children = (
				D1F43D882842B7AC00BEAAA7 /* LoginAutoExample.xcdatamodel */,
			);
			currentVersion = D1F43D882842B7AC00BEAAA7 /* LoginAutoExample.xcdatamodel */;
			path = LoginAutoExample.xcdatamodeld;
			sourceTree = "<group>";
			versionGroupType = wrapper.xcdatamodel;
		};
/* End XCVersionGroup section */
	};
	rootObject = D1F43D732842B7AC00BEAAA7 /* Project object */;
}
